
Microsoft Visual Studio Solution File, Format Version 12.00
# Visual Studio Version 17
VisualStudioVersion = 17.4.33403.182
MinimumVisualStudioVersion = 10.0.40219.1
Project("{9A19103F-16F7-4668-BE54-9A1E7A4F7556}") = "NotesApp.Domain", "Libraries\NotesApp.Domain\NotesApp.Domain.csproj", "{02046598-DB17-4A98-916A-85C4A1A9BC0F}"
EndProject
Project("{9A19103F-16F7-4668-BE54-9A1E7A4F7556}") = "NotesApp.WebApi", "NotesApp.WebApi\NotesApp.WebApi.csproj", "{67C03FF8-BB7C-4878-B59C-C5AA193ACA9D}"
EndProject
Project("{9A19103F-16F7-4668-BE54-9A1E7A4F7556}") = "NotesApp.Infrastructure", "Libraries\NotesApp.Infrastructure\NotesApp.Infrastructure.csproj", "{4818701B-8352-4214-A2FF-4CA7E665BA65}"
EndProject
Project("{9A19103F-16F7-4668-BE54-9A1E7A4F7556}") = "NotesApp.Services", "Libraries\NotesApp.Services\NotesApp.Services.csproj", "{EBAB5B5E-E59E-4EDF-AC25-392F780CD8EE}"
EndProject
Global
	GlobalSection(SolutionConfigurationPlatforms) = preSolution
		Debug|Any CPU = Debug|Any CPU
		Release|Any CPU = Release|Any CPU
	EndGlobalSection
	GlobalSection(ProjectConfigurationPlatforms) = postSolution
		{02046598-DB17-4A98-916A-85C4A1A9BC0F}.Debug|Any CPU.ActiveCfg = Debug|Any CPU
		{02046598-DB17-4A98-916A-85C4A1A9BC0F}.Debug|Any CPU.Build.0 = Debug|Any CPU
		{02046598-DB17-4A98-916A-85C4A1A9BC0F}.Release|Any CPU.ActiveCfg = Release|Any CPU
		{02046598-DB17-4A98-916A-85C4A1A9BC0F}.Release|Any CPU.Build.0 = Release|Any CPU
		{67C03FF8-BB7C-4878-B59C-C5AA193ACA9D}.Debug|Any CPU.ActiveCfg = Debug|Any CPU
		{67C03FF8-BB7C-4878-B59C-C5AA193ACA9D}.Debug|Any CPU.Build.0 = Debug|Any CPU
		{67C03FF8-BB7C-4878-B59C-C5AA193ACA9D}.Release|Any CPU.ActiveCfg = Release|Any CPU
		{67C03FF8-BB7C-4878-B59C-C5AA193ACA9D}.Release|Any CPU.Build.0 = Release|Any CPU
		{4818701B-8352-4214-A2FF-4CA7E665BA65}.Debug|Any CPU.ActiveCfg = Debug|Any CPU
		{4818701B-8352-4214-A2FF-4CA7E665BA65}.Debug|Any CPU.Build.0 = Debug|Any CPU
		{4818701B-8352-4214-A2FF-4CA7E665BA65}.Release|Any CPU.ActiveCfg = Release|Any CPU
		{4818701B-8352-4214-A2FF-4CA7E665BA65}.Release|Any CPU.Build.0 = Release|Any CPU
		{EBAB5B5E-E59E-4EDF-AC25-392F780CD8EE}.Debug|Any CPU.ActiveCfg = Debug|Any CPU
		{EBAB5B5E-E59E-4EDF-AC25-392F780CD8EE}.Debug|Any CPU.Build.0 = Debug|Any CPU
		{EBAB5B5E-E59E-4EDF-AC25-392F780CD8EE}.Release|Any CPU.ActiveCfg = Release|Any CPU
		{EBAB5B5E-E59E-4EDF-AC25-392F780CD8EE}.Release|Any CPU.Build.0 = Release|Any CPU
	EndGlobalSection
	GlobalSection(SolutionProperties) = preSolution
		HideSolutionNode = FALSE
	EndGlobalSection
	GlobalSection(ExtensibilityGlobals) = postSolution
		SolutionGuid = {60DE6FC7-6458-429F-8E34-BFB80EDC73A6}
	EndGlobalSection
EndGlobal
